{
    "name": "klukva-atom-plugin",
    "version": "1.2.0",
    "lockfileVersion": 1,
    "requires": true,
    "dependencies": {
        "klukva-core": {
            "version": "1.0.4",
            "resolved": "https://registry.npmjs.org/klukva-core/-/klukva-core-1.0.4.tgz",
            "integrity": "sha512-ZEr7lqXanfoCs/wQEep/5NHei9z+WhH/cJDzKlFDuOHcoqSZ+CRhQ1C/HaAB9mBMFdRoxdt1wKS9qgDBNr9J6A=="
        }
    }
}
