{
    "name": "klukva-atom-plugin",
    "version": "1.4.0",
    "lockfileVersion": 1,
    "requires": true,
    "dependencies": {
        "klukva-core": {
            "version": "1.2.1",
            "resolved": "https://registry.npmjs.org/klukva-core/-/klukva-core-1.2.1.tgz",
            "integrity": "sha512-VwuMSIYEXYD09P/aJ4cRitozDWKxn/jT/SrZT+A0BS+PU1YSn/2mWJBTjeOLKGVtzWSBxTcZIMUWaNP6N7+/rw=="
        }
    }
}
